
Microsoft Visual Studio Solution File, Format Version 11.00
# Visual Studio 2010
# SharpDevelop 4.4
Project("{FD48973F-F585-4F70-812B-4D0503B36CE9}") = "Pg485ShadeDesigner-OneForm", "Pg485ShadeDesigner-OneForm.pyproj", "{74EFB84E-B133-4316-8E65-D8635B218520}"
EndProject
Global
	GlobalSection(SolutionConfigurationPlatforms) = preSolution
		Debug|Any CPU = Debug|Any CPU
		Release|Any CPU = Release|Any CPU
	EndGlobalSection
	GlobalSection(ProjectConfigurationPlatforms) = postSolution
		{74EFB84E-B133-4316-8E65-D8635B218520}.Debug|Any CPU.Build.0 = Debug|Any CPU
		{74EFB84E-B133-4316-8E65-D8635B218520}.Debug|Any CPU.ActiveCfg = Debug|Any CPU
		{74EFB84E-B133-4316-8E65-D8635B218520}.Release|Any CPU.Build.0 = Release|Any CPU
		{74EFB84E-B133-4316-8E65-D8635B218520}.Release|Any CPU.ActiveCfg = Release|Any CPU
	EndGlobalSection
EndGlobal
