
Microsoft Visual Studio Solution File, Format Version 11.00
# Visual Studio 2010
# SharpDevelop 4.4
Project("{FD48973F-F585-4F70-812B-4D0503B36CE9}") = "FavSubject", "FavSubject.pyproj", "{C08C6D14-09F5-4F82-B375-D6AE4FC5EB02}"
EndProject
Global
	GlobalSection(SolutionConfigurationPlatforms) = preSolution
		Debug|Any CPU = Debug|Any CPU
		Release|Any CPU = Release|Any CPU
	EndGlobalSection
	GlobalSection(ProjectConfigurationPlatforms) = postSolution
		{C08C6D14-09F5-4F82-B375-D6AE4FC5EB02}.Debug|Any CPU.Build.0 = Debug|Any CPU
		{C08C6D14-09F5-4F82-B375-D6AE4FC5EB02}.Debug|Any CPU.ActiveCfg = Debug|Any CPU
		{C08C6D14-09F5-4F82-B375-D6AE4FC5EB02}.Release|Any CPU.Build.0 = Release|Any CPU
		{C08C6D14-09F5-4F82-B375-D6AE4FC5EB02}.Release|Any CPU.ActiveCfg = Release|Any CPU
	EndGlobalSection
EndGlobal
