
Microsoft Visual Studio Solution File, Format Version 11.00
# Visual Studio 2010
# SharpDevelop 4.4
Project("{FD48973F-F585-4F70-812B-4D0503B36CE9}") = "Lang122aFor", "Lang122aFor.pyproj", "{13CC2233-5A22-4971-9A38-7705254C5AD2}"
EndProject
Global
	GlobalSection(SolutionConfigurationPlatforms) = preSolution
		Debug|Any CPU = Debug|Any CPU
		Release|Any CPU = Release|Any CPU
	EndGlobalSection
	GlobalSection(ProjectConfigurationPlatforms) = postSolution
		{13CC2233-5A22-4971-9A38-7705254C5AD2}.Debug|Any CPU.Build.0 = Debug|Any CPU
		{13CC2233-5A22-4971-9A38-7705254C5AD2}.Debug|Any CPU.ActiveCfg = Debug|Any CPU
		{13CC2233-5A22-4971-9A38-7705254C5AD2}.Release|Any CPU.Build.0 = Release|Any CPU
		{13CC2233-5A22-4971-9A38-7705254C5AD2}.Release|Any CPU.ActiveCfg = Release|Any CPU
	EndGlobalSection
EndGlobal
