
Microsoft Visual Studio Solution File, Format Version 11.00
# Visual Studio 2010
# SharpDevelop 4.4
Project("{FD48973F-F585-4F70-812B-4D0503B36CE9}") = "Lang54c", "Lang54c.pyproj", "{26EDA8E7-C86F-4F51-A256-29C35A7D68E3}"
EndProject
Global
	GlobalSection(SolutionConfigurationPlatforms) = preSolution
		Debug|Any CPU = Debug|Any CPU
		Release|Any CPU = Release|Any CPU
	EndGlobalSection
	GlobalSection(ProjectConfigurationPlatforms) = postSolution
		{26EDA8E7-C86F-4F51-A256-29C35A7D68E3}.Debug|Any CPU.Build.0 = Debug|Any CPU
		{26EDA8E7-C86F-4F51-A256-29C35A7D68E3}.Debug|Any CPU.ActiveCfg = Debug|Any CPU
		{26EDA8E7-C86F-4F51-A256-29C35A7D68E3}.Release|Any CPU.Build.0 = Release|Any CPU
		{26EDA8E7-C86F-4F51-A256-29C35A7D68E3}.Release|Any CPU.ActiveCfg = Release|Any CPU
	EndGlobalSection
EndGlobal
