
Microsoft Visual Studio Solution File, Format Version 11.00
# Visual Studio 2010
# SharpDevelop 4.4
Project("{FD48973F-F585-4F70-812B-4D0503B36CE9}") = "Prog272LongDistance", "Prog272LongDistance.pyproj", "{A70D13C8-5C14-46DA-994D-9DEDFA4063CA}"
EndProject
Global
	GlobalSection(SolutionConfigurationPlatforms) = preSolution
		Debug|Any CPU = Debug|Any CPU
		Release|Any CPU = Release|Any CPU
	EndGlobalSection
	GlobalSection(ProjectConfigurationPlatforms) = postSolution
		{A70D13C8-5C14-46DA-994D-9DEDFA4063CA}.Debug|Any CPU.Build.0 = Debug|Any CPU
		{A70D13C8-5C14-46DA-994D-9DEDFA4063CA}.Debug|Any CPU.ActiveCfg = Debug|Any CPU
		{A70D13C8-5C14-46DA-994D-9DEDFA4063CA}.Release|Any CPU.Build.0 = Release|Any CPU
		{A70D13C8-5C14-46DA-994D-9DEDFA4063CA}.Release|Any CPU.ActiveCfg = Release|Any CPU
	EndGlobalSection
EndGlobal
