
Microsoft Visual Studio Solution File, Format Version 12.00
# Visual Studio Version 17
VisualStudioVersion = 17.0.32014.148
MinimumVisualStudioVersion = 10.0.40219.1
Project("{FAE04EC0-301F-11D3-BF4B-00C04F79EFBC}") = "HelloName", "HelloName\HelloName.csproj", "{E91AFE98-94BA-43AF-A287-C76E2ECB03FF}"
EndProject
Project("{FAE04EC0-301F-11D3-BF4B-00C04F79EFBC}") = "FavClub", "FavClub\FavClub.csproj", "{20E60EEB-A251-4095-8B01-9F21FFA0C50A}"
EndProject
Project("{FAE04EC0-301F-11D3-BF4B-00C04F79EFBC}") = "Prog52aConsole", "Prog52aConsole\Prog52aConsole.csproj", "{48BFF0C1-AF3A-49CC-9771-4E97C64C543A}"
EndProject
Project("{FAE04EC0-301F-11D3-BF4B-00C04F79EFBC}") = "Prog54bConsole", "Prog54bConsole\Prog54bConsole.csproj", "{A4F19218-5572-4F15-9CC8-6696B6624B13}"
EndProject
Project("{FAE04EC0-301F-11D3-BF4B-00C04F79EFBC}") = "Prog54cConsole", "Prog54cConsole\Prog54cConsole.csproj", "{00497888-C0C7-47DD-AD6C-FE6B666EAF4B}"
EndProject
Project("{FAE04EC0-301F-11D3-BF4B-00C04F79EFBC}") = "FullName", "FullName\FullName.csproj", "{631BFA0A-0E96-44EF-9C80-3AB8137A762A}"
EndProject
Project("{FAE04EC0-301F-11D3-BF4B-00C04F79EFBC}") = "WindowsFormsApplication1", "WindowsFormsApplication1\WindowsFormsApplication1.csproj", "{64AAE57E-1027-4071-ADCF-C7E215C8A652}"
EndProject
Project("{FAE04EC0-301F-11D3-BF4B-00C04F79EFBC}") = "Lang88aForm", "WindowsFormsApplication2\Lang88aForm.csproj", "{4EA28030-0D82-415A-A408-B2DC11EADA64}"
EndProject
Project("{9A19103F-16F7-4668-BE54-9A1E7A4F7556}") = "LP4-1", "LP4-1\LP4-1.csproj", "{D6444F60-F4DB-444B-B4A4-C6EE271ACDC5}"
EndProject
Project("{9A19103F-16F7-4668-BE54-9A1E7A4F7556}") = "Lang54bForm", "Lang54bForm\Lang54bForm.csproj", "{0520C9DF-6D26-4DBB-8A15-B2D9439ACD19}"
EndProject
Project("{9A19103F-16F7-4668-BE54-9A1E7A4F7556}") = "LP4-2", "LP4-2\LP4-2.csproj", "{85B20366-967D-4CC0-A093-6116CD34D957}"
EndProject
Project("{9A19103F-16F7-4668-BE54-9A1E7A4F7556}") = "LP4-5", "LP4-5\LP4-5.csproj", "{D9A931B9-9F7D-4870-9F9C-E4E6AE3861EF}"
EndProject
Project("{9A19103F-16F7-4668-BE54-9A1E7A4F7556}") = "funproject", "funproject\funproject.csproj", "{2C7EDFAD-B88B-4A6F-B2A6-64EDFFE93C61}"
EndProject
Project("{9A19103F-16F7-4668-BE54-9A1E7A4F7556}") = "Lang85cForm", "Lang85cForm\Lang85cForm.csproj", "{8B976C59-4B3A-4769-9DD7-861BC2A2193A}"
EndProject
Project("{9A19103F-16F7-4668-BE54-9A1E7A4F7556}") = "AboutMeForm", "AboutMeForm\AboutMeForm.csproj", "{DBEDEEB8-B212-45BF-AC0D-E28D696BCF22}"
EndProject
Project("{9A19103F-16F7-4668-BE54-9A1E7A4F7556}") = "Prog122a", "Prog122a\Prog122a.csproj", "{9A4B2A59-4FFB-47BD-A9D3-BBF6DA1E7C44}"
EndProject
Project("{9A19103F-16F7-4668-BE54-9A1E7A4F7556}") = "Pg266LargeSmall", "Pg266LargeSmall\Pg266LargeSmall.csproj", "{848F1AD6-2CE9-4F30-BE9F-B48C1B57D233}"
EndProject
Project("{9A19103F-16F7-4668-BE54-9A1E7A4F7556}") = "Pg273BookClubPoints", "Pg273BookClubPoints\Pg273BookClubPoints.csproj", "{EDC246E9-04E3-4377-BFE9-EA715053EF1D}"
EndProject
Project("{9A19103F-16F7-4668-BE54-9A1E7A4F7556}") = "Prog310a", "Prog310a\Prog310a.csproj", "{85532578-BDCE-43E3-8957-75137233CEB3}"
EndProject
Project("{9A19103F-16F7-4668-BE54-9A1E7A4F7556}") = "Pg347Sum", "Pg347Sum\Pg347Sum.csproj", "{1100FA1D-3778-4AF2-8A4D-711CBDBDFB11}"
EndProject
Project("{9A19103F-16F7-4668-BE54-9A1E7A4F7556}") = "Lang310aFor", "Lang310aFor\Lang310aFor.csproj", "{F6C7A8D5-3CAC-4D05-B9A4-4ED044BA104E}"
EndProject
Project("{9A19103F-16F7-4668-BE54-9A1E7A4F7556}") = "Lang122bWhile", "Lang122bWhile\Lang122bWhile.csproj", "{C5D576E4-86D7-4F0F-B8B6-369311309728}"
EndProject
Project("{9A19103F-16F7-4668-BE54-9A1E7A4F7556}") = "Pg273MassAndWeight", "Pg273MassAndWhite\Pg273MassAndWeight.csproj", "{1ADED4E1-DD78-43DE-A858-8B1D2D949FC3}"
EndProject
Project("{9A19103F-16F7-4668-BE54-9A1E7A4F7556}") = "Pg535CatchMe", "Pg535CatchMe\Pg535CatchMe.csproj", "{4B196FFE-4F25-4062-B762-7AC028631558}"
EndProject
Project("{9A19103F-16F7-4668-BE54-9A1E7A4F7556}") = "CalcWithFunctions", "CalcWithFunctions\CalcWithFunctions.csproj", "{E5F48F6C-0553-483E-8275-D788FB569ECB}"
EndProject
Project("{9A19103F-16F7-4668-BE54-9A1E7A4F7556}") = "Lang122dFor", "Lang122dFor\Lang122dFor.csproj", "{158CCB5E-F209-486C-BB1F-9B64C69C70FC}"
EndProject
Project("{FAE04EC0-301F-11D3-BF4B-00C04F79EFBC}") = "Prog366b", "Prog366b\Prog366b.csproj", "{2437F795-77E0-4EAF-973E-10CF2C1614AE}"
EndProject
Global
	GlobalSection(SolutionConfigurationPlatforms) = preSolution
		Debug|Any CPU = Debug|Any CPU
		Release|Any CPU = Release|Any CPU
	EndGlobalSection
	GlobalSection(ProjectConfigurationPlatforms) = postSolution
		{E91AFE98-94BA-43AF-A287-C76E2ECB03FF}.Debug|Any CPU.ActiveCfg = Debug|Any CPU
		{E91AFE98-94BA-43AF-A287-C76E2ECB03FF}.Debug|Any CPU.Build.0 = Debug|Any CPU
		{E91AFE98-94BA-43AF-A287-C76E2ECB03FF}.Release|Any CPU.ActiveCfg = Release|Any CPU
		{E91AFE98-94BA-43AF-A287-C76E2ECB03FF}.Release|Any CPU.Build.0 = Release|Any CPU
		{20E60EEB-A251-4095-8B01-9F21FFA0C50A}.Debug|Any CPU.ActiveCfg = Debug|Any CPU
		{20E60EEB-A251-4095-8B01-9F21FFA0C50A}.Debug|Any CPU.Build.0 = Debug|Any CPU
		{20E60EEB-A251-4095-8B01-9F21FFA0C50A}.Release|Any CPU.ActiveCfg = Release|Any CPU
		{20E60EEB-A251-4095-8B01-9F21FFA0C50A}.Release|Any CPU.Build.0 = Release|Any CPU
		{48BFF0C1-AF3A-49CC-9771-4E97C64C543A}.Debug|Any CPU.ActiveCfg = Debug|Any CPU
		{48BFF0C1-AF3A-49CC-9771-4E97C64C543A}.Debug|Any CPU.Build.0 = Debug|Any CPU
		{48BFF0C1-AF3A-49CC-9771-4E97C64C543A}.Release|Any CPU.ActiveCfg = Release|Any CPU
		{48BFF0C1-AF3A-49CC-9771-4E97C64C543A}.Release|Any CPU.Build.0 = Release|Any CPU
		{A4F19218-5572-4F15-9CC8-6696B6624B13}.Debug|Any CPU.ActiveCfg = Debug|Any CPU
		{A4F19218-5572-4F15-9CC8-6696B6624B13}.Debug|Any CPU.Build.0 = Debug|Any CPU
		{A4F19218-5572-4F15-9CC8-6696B6624B13}.Release|Any CPU.ActiveCfg = Release|Any CPU
		{A4F19218-5572-4F15-9CC8-6696B6624B13}.Release|Any CPU.Build.0 = Release|Any CPU
		{00497888-C0C7-47DD-AD6C-FE6B666EAF4B}.Debug|Any CPU.ActiveCfg = Debug|Any CPU
		{00497888-C0C7-47DD-AD6C-FE6B666EAF4B}.Debug|Any CPU.Build.0 = Debug|Any CPU
		{00497888-C0C7-47DD-AD6C-FE6B666EAF4B}.Release|Any CPU.ActiveCfg = Release|Any CPU
		{00497888-C0C7-47DD-AD6C-FE6B666EAF4B}.Release|Any CPU.Build.0 = Release|Any CPU
		{631BFA0A-0E96-44EF-9C80-3AB8137A762A}.Debug|Any CPU.ActiveCfg = Debug|Any CPU
		{631BFA0A-0E96-44EF-9C80-3AB8137A762A}.Debug|Any CPU.Build.0 = Debug|Any CPU
		{631BFA0A-0E96-44EF-9C80-3AB8137A762A}.Release|Any CPU.ActiveCfg = Release|Any CPU
		{631BFA0A-0E96-44EF-9C80-3AB8137A762A}.Release|Any CPU.Build.0 = Release|Any CPU
		{64AAE57E-1027-4071-ADCF-C7E215C8A652}.Debug|Any CPU.ActiveCfg = Debug|Any CPU
		{64AAE57E-1027-4071-ADCF-C7E215C8A652}.Debug|Any CPU.Build.0 = Debug|Any CPU
		{64AAE57E-1027-4071-ADCF-C7E215C8A652}.Release|Any CPU.ActiveCfg = Release|Any CPU
		{64AAE57E-1027-4071-ADCF-C7E215C8A652}.Release|Any CPU.Build.0 = Release|Any CPU
		{4EA28030-0D82-415A-A408-B2DC11EADA64}.Debug|Any CPU.ActiveCfg = Debug|Any CPU
		{4EA28030-0D82-415A-A408-B2DC11EADA64}.Debug|Any CPU.Build.0 = Debug|Any CPU
		{4EA28030-0D82-415A-A408-B2DC11EADA64}.Release|Any CPU.ActiveCfg = Release|Any CPU
		{4EA28030-0D82-415A-A408-B2DC11EADA64}.Release|Any CPU.Build.0 = Release|Any CPU
		{D6444F60-F4DB-444B-B4A4-C6EE271ACDC5}.Debug|Any CPU.ActiveCfg = Debug|Any CPU
		{D6444F60-F4DB-444B-B4A4-C6EE271ACDC5}.Debug|Any CPU.Build.0 = Debug|Any CPU
		{D6444F60-F4DB-444B-B4A4-C6EE271ACDC5}.Release|Any CPU.ActiveCfg = Release|Any CPU
		{D6444F60-F4DB-444B-B4A4-C6EE271ACDC5}.Release|Any CPU.Build.0 = Release|Any CPU
		{0520C9DF-6D26-4DBB-8A15-B2D9439ACD19}.Debug|Any CPU.ActiveCfg = Debug|Any CPU
		{0520C9DF-6D26-4DBB-8A15-B2D9439ACD19}.Debug|Any CPU.Build.0 = Debug|Any CPU
		{0520C9DF-6D26-4DBB-8A15-B2D9439ACD19}.Release|Any CPU.ActiveCfg = Release|Any CPU
		{0520C9DF-6D26-4DBB-8A15-B2D9439ACD19}.Release|Any CPU.Build.0 = Release|Any CPU
		{85B20366-967D-4CC0-A093-6116CD34D957}.Debug|Any CPU.ActiveCfg = Debug|Any CPU
		{85B20366-967D-4CC0-A093-6116CD34D957}.Debug|Any CPU.Build.0 = Debug|Any CPU
		{85B20366-967D-4CC0-A093-6116CD34D957}.Release|Any CPU.ActiveCfg = Release|Any CPU
		{85B20366-967D-4CC0-A093-6116CD34D957}.Release|Any CPU.Build.0 = Release|Any CPU
		{D9A931B9-9F7D-4870-9F9C-E4E6AE3861EF}.Debug|Any CPU.ActiveCfg = Debug|Any CPU
		{D9A931B9-9F7D-4870-9F9C-E4E6AE3861EF}.Debug|Any CPU.Build.0 = Debug|Any CPU
		{D9A931B9-9F7D-4870-9F9C-E4E6AE3861EF}.Release|Any CPU.ActiveCfg = Release|Any CPU
		{D9A931B9-9F7D-4870-9F9C-E4E6AE3861EF}.Release|Any CPU.Build.0 = Release|Any CPU
		{2C7EDFAD-B88B-4A6F-B2A6-64EDFFE93C61}.Debug|Any CPU.ActiveCfg = Debug|Any CPU
		{2C7EDFAD-B88B-4A6F-B2A6-64EDFFE93C61}.Debug|Any CPU.Build.0 = Debug|Any CPU
		{2C7EDFAD-B88B-4A6F-B2A6-64EDFFE93C61}.Release|Any CPU.ActiveCfg = Release|Any CPU
		{2C7EDFAD-B88B-4A6F-B2A6-64EDFFE93C61}.Release|Any CPU.Build.0 = Release|Any CPU
		{8B976C59-4B3A-4769-9DD7-861BC2A2193A}.Debug|Any CPU.ActiveCfg = Debug|Any CPU
		{8B976C59-4B3A-4769-9DD7-861BC2A2193A}.Debug|Any CPU.Build.0 = Debug|Any CPU
		{8B976C59-4B3A-4769-9DD7-861BC2A2193A}.Release|Any CPU.ActiveCfg = Release|Any CPU
		{8B976C59-4B3A-4769-9DD7-861BC2A2193A}.Release|Any CPU.Build.0 = Release|Any CPU
		{DBEDEEB8-B212-45BF-AC0D-E28D696BCF22}.Debug|Any CPU.ActiveCfg = Debug|Any CPU
		{DBEDEEB8-B212-45BF-AC0D-E28D696BCF22}.Debug|Any CPU.Build.0 = Debug|Any CPU
		{DBEDEEB8-B212-45BF-AC0D-E28D696BCF22}.Release|Any CPU.ActiveCfg = Release|Any CPU
		{DBEDEEB8-B212-45BF-AC0D-E28D696BCF22}.Release|Any CPU.Build.0 = Release|Any CPU
		{9A4B2A59-4FFB-47BD-A9D3-BBF6DA1E7C44}.Debug|Any CPU.ActiveCfg = Debug|Any CPU
		{9A4B2A59-4FFB-47BD-A9D3-BBF6DA1E7C44}.Debug|Any CPU.Build.0 = Debug|Any CPU
		{9A4B2A59-4FFB-47BD-A9D3-BBF6DA1E7C44}.Release|Any CPU.ActiveCfg = Release|Any CPU
		{9A4B2A59-4FFB-47BD-A9D3-BBF6DA1E7C44}.Release|Any CPU.Build.0 = Release|Any CPU
		{848F1AD6-2CE9-4F30-BE9F-B48C1B57D233}.Debug|Any CPU.ActiveCfg = Debug|Any CPU
		{848F1AD6-2CE9-4F30-BE9F-B48C1B57D233}.Debug|Any CPU.Build.0 = Debug|Any CPU
		{848F1AD6-2CE9-4F30-BE9F-B48C1B57D233}.Release|Any CPU.ActiveCfg = Release|Any CPU
		{848F1AD6-2CE9-4F30-BE9F-B48C1B57D233}.Release|Any CPU.Build.0 = Release|Any CPU
		{EDC246E9-04E3-4377-BFE9-EA715053EF1D}.Debug|Any CPU.ActiveCfg = Debug|Any CPU
		{EDC246E9-04E3-4377-BFE9-EA715053EF1D}.Debug|Any CPU.Build.0 = Debug|Any CPU
		{EDC246E9-04E3-4377-BFE9-EA715053EF1D}.Release|Any CPU.ActiveCfg = Release|Any CPU
		{EDC246E9-04E3-4377-BFE9-EA715053EF1D}.Release|Any CPU.Build.0 = Release|Any CPU
		{85532578-BDCE-43E3-8957-75137233CEB3}.Debug|Any CPU.ActiveCfg = Debug|Any CPU
		{85532578-BDCE-43E3-8957-75137233CEB3}.Debug|Any CPU.Build.0 = Debug|Any CPU
		{85532578-BDCE-43E3-8957-75137233CEB3}.Release|Any CPU.ActiveCfg = Release|Any CPU
		{85532578-BDCE-43E3-8957-75137233CEB3}.Release|Any CPU.Build.0 = Release|Any CPU
		{1100FA1D-3778-4AF2-8A4D-711CBDBDFB11}.Debug|Any CPU.ActiveCfg = Debug|Any CPU
		{1100FA1D-3778-4AF2-8A4D-711CBDBDFB11}.Debug|Any CPU.Build.0 = Debug|Any CPU
		{1100FA1D-3778-4AF2-8A4D-711CBDBDFB11}.Release|Any CPU.ActiveCfg = Release|Any CPU
		{1100FA1D-3778-4AF2-8A4D-711CBDBDFB11}.Release|Any CPU.Build.0 = Release|Any CPU
		{F6C7A8D5-3CAC-4D05-B9A4-4ED044BA104E}.Debug|Any CPU.ActiveCfg = Debug|Any CPU
		{F6C7A8D5-3CAC-4D05-B9A4-4ED044BA104E}.Debug|Any CPU.Build.0 = Debug|Any CPU
		{F6C7A8D5-3CAC-4D05-B9A4-4ED044BA104E}.Release|Any CPU.ActiveCfg = Release|Any CPU
		{F6C7A8D5-3CAC-4D05-B9A4-4ED044BA104E}.Release|Any CPU.Build.0 = Release|Any CPU
		{C5D576E4-86D7-4F0F-B8B6-369311309728}.Debug|Any CPU.ActiveCfg = Debug|Any CPU
		{C5D576E4-86D7-4F0F-B8B6-369311309728}.Debug|Any CPU.Build.0 = Debug|Any CPU
		{C5D576E4-86D7-4F0F-B8B6-369311309728}.Release|Any CPU.ActiveCfg = Release|Any CPU
		{C5D576E4-86D7-4F0F-B8B6-369311309728}.Release|Any CPU.Build.0 = Release|Any CPU
		{1ADED4E1-DD78-43DE-A858-8B1D2D949FC3}.Debug|Any CPU.ActiveCfg = Debug|Any CPU
		{1ADED4E1-DD78-43DE-A858-8B1D2D949FC3}.Debug|Any CPU.Build.0 = Debug|Any CPU
		{1ADED4E1-DD78-43DE-A858-8B1D2D949FC3}.Release|Any CPU.ActiveCfg = Release|Any CPU
		{1ADED4E1-DD78-43DE-A858-8B1D2D949FC3}.Release|Any CPU.Build.0 = Release|Any CPU
		{4B196FFE-4F25-4062-B762-7AC028631558}.Debug|Any CPU.ActiveCfg = Debug|Any CPU
		{4B196FFE-4F25-4062-B762-7AC028631558}.Debug|Any CPU.Build.0 = Debug|Any CPU
		{4B196FFE-4F25-4062-B762-7AC028631558}.Release|Any CPU.ActiveCfg = Release|Any CPU
		{4B196FFE-4F25-4062-B762-7AC028631558}.Release|Any CPU.Build.0 = Release|Any CPU
		{E5F48F6C-0553-483E-8275-D788FB569ECB}.Debug|Any CPU.ActiveCfg = Debug|Any CPU
		{E5F48F6C-0553-483E-8275-D788FB569ECB}.Debug|Any CPU.Build.0 = Debug|Any CPU
		{E5F48F6C-0553-483E-8275-D788FB569ECB}.Release|Any CPU.ActiveCfg = Release|Any CPU
		{E5F48F6C-0553-483E-8275-D788FB569ECB}.Release|Any CPU.Build.0 = Release|Any CPU
		{158CCB5E-F209-486C-BB1F-9B64C69C70FC}.Debug|Any CPU.ActiveCfg = Debug|Any CPU
		{158CCB5E-F209-486C-BB1F-9B64C69C70FC}.Debug|Any CPU.Build.0 = Debug|Any CPU
		{158CCB5E-F209-486C-BB1F-9B64C69C70FC}.Release|Any CPU.ActiveCfg = Release|Any CPU
		{158CCB5E-F209-486C-BB1F-9B64C69C70FC}.Release|Any CPU.Build.0 = Release|Any CPU
		{2437F795-77E0-4EAF-973E-10CF2C1614AE}.Debug|Any CPU.ActiveCfg = Debug|Any CPU
		{2437F795-77E0-4EAF-973E-10CF2C1614AE}.Debug|Any CPU.Build.0 = Debug|Any CPU
		{2437F795-77E0-4EAF-973E-10CF2C1614AE}.Release|Any CPU.ActiveCfg = Release|Any CPU
		{2437F795-77E0-4EAF-973E-10CF2C1614AE}.Release|Any CPU.Build.0 = Release|Any CPU
	EndGlobalSection
	GlobalSection(SolutionProperties) = preSolution
		HideSolutionNode = FALSE
	EndGlobalSection
	GlobalSection(ExtensibilityGlobals) = postSolution
		SolutionGuid = {2733283A-3660-4E77-9D38-7D09FE570A77}
	EndGlobalSection
EndGlobal
