
Microsoft Visual Studio Solution File, Format Version 11.00
# Visual Studio 2010
# SharpDevelop 4.4
Project("{FD48973F-F585-4F70-812B-4D0503B36CE9}") = "Lang115aWhile", "Lang115aWhile.pyproj", "{57ECD998-5C49-404A-984C-9573E9A99E46}"
EndProject
Global
	GlobalSection(SolutionConfigurationPlatforms) = preSolution
		Debug|Any CPU = Debug|Any CPU
		Release|Any CPU = Release|Any CPU
	EndGlobalSection
	GlobalSection(ProjectConfigurationPlatforms) = postSolution
		{57ECD998-5C49-404A-984C-9573E9A99E46}.Debug|Any CPU.Build.0 = Debug|Any CPU
		{57ECD998-5C49-404A-984C-9573E9A99E46}.Debug|Any CPU.ActiveCfg = Debug|Any CPU
		{57ECD998-5C49-404A-984C-9573E9A99E46}.Release|Any CPU.Build.0 = Release|Any CPU
		{57ECD998-5C49-404A-984C-9573E9A99E46}.Release|Any CPU.ActiveCfg = Release|Any CPU
	EndGlobalSection
EndGlobal
